// !$*UTF8*$!
{
	archiveVersion = 1;
	classes = {
	};
	objectVersion = 50;
	objects = {

/* Begin PBXBuildFile section */
		A84398A225E1504900A5A618 /* AppDelegate.m in Sources */ = {isa = PBXBuildFile; fileRef = A84398A125E1504900A5A618 /* AppDelegate.m */; };
		A84398A525E1504900A5A618 /* SceneDelegate.m in Sources */ = {isa = PBXBuildFile; fileRef = A84398A425E1504900A5A618 /* SceneDelegate.m */; };
		A84398A825E1504900A5A618 /* ViewController.m in Sources */ = {isa = PBXBuildFile; fileRef = A84398A725E1504900A5A618 /* ViewController.m */; };
		A84398AB25E1504900A5A618 /* Main.storyboard in Resources */ = {isa = PBXBuildFile; fileRef = A84398A925E1504900A5A618 /* Main.storyboard */; };
		A84398AD25E1504C00A5A618 /* Assets.xcassets in Resources */ = {isa = PBXBuildFile; fileRef = A84398AC25E1504C00A5A618 /* Assets.xcassets */; };
		A84398B025E1504C00A5A618 /* LaunchScreen.storyboard in Resources */ = {isa = PBXBuildFile; fileRef = A84398AE25E1504C00A5A618 /* LaunchScreen.storyboard */; };
		A84398B325E1504C00A5A618 /* main.m in Sources */ = {isa = PBXBuildFile; fileRef = A84398B225E1504C00A5A618 /* main.m */; };
/* End PBXBuildFile section */

/* Begin PBXFileReference section */
		A843989D25E1504900A5A618 /* EmptyApplication.app */ = {isa = PBXFileReference; explicitFileType = wrapper.application; includeInIndex = 0; path = EmptyApplication.app; sourceTree = BUILT_PRODUCTS_DIR; };
		A84398A025E1504900A5A618 /* AppDelegate.h */ = {isa = PBXFileReference; lastKnownFileType = sourcecode.c.h; path = AppDelegate.h; sourceTree = "<group>"; };
		A84398A125E1504900A5A618 /* AppDelegate.m */ = {isa = PBXFileReference; lastKnownFileType = sourcecode.c.objc; path = AppDelegate.m; sourceTree = "<group>"; };
		A84398A325E1504900A5A618 /* SceneDelegate.h */ = {isa = PBXFileReference; lastKnownFileType = sourcecode.c.h; path = SceneDelegate.h; sourceTree = "<group>"; };
		A84398A425E1504900A5A618 /* SceneDelegate.m */ = {isa = PBXFileReference; lastKnownFileType = sourcecode.c.objc; path = SceneDelegate.m; sourceTree = "<group>"; };
		A84398A625E1504900A5A618 /* ViewController.h */ = {isa = PBXFileReference; lastKnownFileType = sourcecode.c.h; path = ViewController.h; sourceTree = "<group>"; };
		A84398A725E1504900A5A618 /* ViewController.m */ = {isa = PBXFileReference; lastKnownFileType = sourcecode.c.objc; path = ViewController.m; sourceTree = "<group>"; };
		A84398AA25E1504900A5A618 /* Base */ = {isa = PBXFileReference; lastKnownFileType = file.storyboard; name = Base; path = Base.lproj/Main.storyboard; sourceTree = "<group>"; };
		A84398AC25E1504C00A5A618 /* Assets.xcassets */ = {isa = PBXFileReference; lastKnownFileType = folder.assetcatalog; path = Assets.xcassets; sourceTree = "<group>"; };
		A84398AF25E1504C00A5A618 /* Base */ = {isa = PBXFileReference; lastKnownFileType = file.storyboard; name = Base; path = Base.lproj/LaunchScreen.storyboard; sourceTree = "<group>"; };
		A84398B125E1504C00A5A618 /* Info.plist */ = {isa = PBXFileReference; lastKnownFileType = text.plist.xml; path = Info.plist; sourceTree = "<group>"; };
		A84398B225E1504C00A5A618 /* main.m */ = {isa = PBXFileReference; lastKnownFileType = sourcecode.c.objc; path = main.m; sourceTree = "<group>"; };
/* End PBXFileReference section */

/* Begin PBXFrameworksBuildPhase section */
		A843989A25E1504900A5A618 /* Frameworks */ = {
			isa = PBXFrameworksBuildPhase;
			buildActionMask = 2147483647;
			files = (
			);
			runOnlyForDeploymentPostprocessing = 0;
		};
/* End PBXFrameworksBuildPhase section */

/* Begin PBXGroup section */
		A843989425E1504900A5A618 = {
			isa = PBXGroup;
			children = (
				A843989F25E1504900A5A618 /* EmptyApplication */,
				A843989E25E1504900A5A618 /* Products */,
			);
			sourceTree = "<group>";
		};
		A843989E25E1504900A5A618 /* Products */ = {
			isa = PBXGroup;
			children = (
				A843989D25E1504900A5A618 /* EmptyApplication.app */,
			);
			name = Products;
			sourceTree = "<group>";
		};
		A843989F25E1504900A5A618 /* EmptyApplication */ = {
			isa = PBXGroup;
			children = (
				A84398A025E1504900A5A618 /* AppDelegate.h */,
				A84398A125E1504900A5A618 /* AppDelegate.m */,
				A84398A325E1504900A5A618 /* SceneDelegate.h */,
				A84398A425E1504900A5A618 /* SceneDelegate.m */,
				A84398A625E1504900A5A618 /* ViewController.h */,
				A84398A725E1504900A5A618 /* ViewController.m */,
				A84398A925E1504900A5A618 /* Main.storyboard */,
				A84398AC25E1504C00A5A618 /* Assets.xcassets */,
				A84398AE25E1504C00A5A618 /* LaunchScreen.storyboard */,
				A84398B125E1504C00A5A618 /* Info.plist */,
				A84398B225E1504C00A5A618 /* main.m */,
			);
			path = EmptyApplication;
			sourceTree = "<group>";
		};
/* End PBXGroup section */

/* Begin PBXNativeTarget section */
		A843989C25E1504900A5A618 /* EmptyApplication */ = {
			isa = PBXNativeTarget;
			buildConfigurationList = A84398B625E1504C00A5A618 /* Build configuration list for PBXNativeTarget "EmptyApplication" */;
			buildPhases = (
				A843989925E1504900A5A618 /* Sources */,
				A843989A25E1504900A5A618 /* Frameworks */,
				A843989B25E1504900A5A618 /* Resources */,
			);
			buildRules = (
			);
			dependencies = (
			);
			name = EmptyApplication;
			productName = EmptyApplication;
			productReference = A843989D25E1504900A5A618 /* EmptyApplication.app */;
			productType = "com.apple.product-type.application";
		};
/* End PBXNativeTarget section */

/* Begin PBXProject section */
		A843989525E1504900A5A618 /* Project object */ = {
			isa = PBXProject;
			attributes = {
				LastUpgradeCheck = 1240;
				TargetAttributes = {
					A843989C25E1504900A5A618 = {
						CreatedOnToolsVersion = 12.4;
					};
				};
			};
			buildConfigurationList = A843989825E1504900A5A618 /* Build configuration list for PBXProject "EmptyApplication" */;
			compatibilityVersion = "Xcode 9.3";
			developmentRegion = en;
			hasScannedForEncodings = 0;
			knownRegions = (
				en,
				Base,
			);
			mainGroup = A843989425E1504900A5A618;
			productRefGroup = A843989E25E1504900A5A618 /* Products */;
			projectDirPath = "";
			projectRoot = "";
			targets = (
				A843989C25E1504900A5A618 /* EmptyApplication */,
			);
		};
/* End PBXProject section */

/* Begin PBXResourcesBuildPhase section */
		A843989B25E1504900A5A618 /* Resources */ = {
			isa = PBXResourcesBuildPhase;
			buildActionMask = 2147483647;
			files = (
				A84398B025E1504C00A5A618 /* LaunchScreen.storyboard in Resources */,
				A84398AD25E1504C00A5A618 /* Assets.xcassets in Resources */,
				A84398AB25E1504900A5A618 /* Main.storyboard in Resources */,
			);
			runOnlyForDeploymentPostprocessing = 0;
		};
/* End PBXResourcesBuildPhase section */

/* Begin PBXSourcesBuildPhase section */
		A843989925E1504900A5A618 /* Sources */ = {
			isa = PBXSourcesBuildPhase;
			buildActionMask = 2147483647;
			files = (
				A84398A825E1504900A5A618 /* ViewController.m in Sources */,
				A84398A225E1504900A5A618 /* AppDelegate.m in Sources */,
				A84398B325E1504C00A5A618 /* main.m in Sources */,
				A84398A525E1504900A5A618 /* SceneDelegate.m in Sources */,
			);
			runOnlyForDeploymentPostprocessing = 0;
		};
/* End PBXSourcesBuildPhase section */

/* Begin PBXVariantGroup section */
		A84398A925E1504900A5A618 /* Main.storyboard */ = {
			isa = PBXVariantGroup;
			children = (
				A84398AA25E1504900A5A618 /* Base */,
			);
			name = Main.storyboard;
			sourceTree = "<group>";
		};
		A84398AE25E1504C00A5A618 /* LaunchScreen.storyboard */ = {
			isa = PBXVariantGroup;
			children = (
				A84398AF25E1504C00A5A618 /* Base */,
			);
			name = LaunchScreen.storyboard;
			sourceTree = "<group>";
		};
/* End PBXVariantGroup section */

/* Begin XCBuildConfiguration section */
		A84398B425E1504C00A5A618 /* Debug */ = {
			isa = XCBuildConfiguration;
			buildSettings = {
				ALWAYS_SEARCH_USER_PATHS = NO;
				CLANG_ANALYZER_NONNULL = YES;
				CLANG_ANALYZER_NUMBER_OBJECT_CONVERSION = YES_AGGRESSIVE;
				CLANG_CXX_LANGUAGE_STANDARD = "gnu++14";
				CLANG_CXX_LIBRARY = "libc++";
				CLANG_ENABLE_MODULES = YES;
				CLANG_ENABLE_OBJC_ARC = YES;
				CLANG_ENABLE_OBJC_WEAK = YES;
				CLANG_WARN_BLOCK_CAPTURE_AUTORELEASING = YES;
				CLANG_WARN_BOOL_CONVERSION = YES;
				CLANG_WARN_COMMA = YES;
				CLANG_WARN_CONSTANT_CONVERSION = YES;
				CLANG_WARN_DEPRECATED_OBJC_IMPLEMENTATIONS = YES;
				CLANG_WARN_DIRECT_OBJC_ISA_USAGE = YES_ERROR;
				CLANG_WARN_DOCUMENTATION_COMMENTS = YES;
				CLANG_WARN_EMPTY_BODY = YES;
				CLANG_WARN_ENUM_CONVERSION = YES;
				CLANG_WARN_INFINITE_RECURSION = YES;
				CLANG_WARN_INT_CONVERSION = YES;
				CLANG_WARN_NON_LITERAL_NULL_CONVERSION = YES;
				CLANG_WARN_OBJC_IMPLICIT_RETAIN_SELF = YES;
				CLANG_WARN_OBJC_LITERAL_CONVERSION = YES;
				CLANG_WARN_OBJC_ROOT_CLASS = YES_ERROR;
				CLANG_WARN_QUOTED_INCLUDE_IN_FRAMEWORK_HEADER = YES;
				CLANG_WARN_RANGE_LOOP_ANALYSIS = YES;
				CLANG_WARN_STRICT_PROTOTYPES = YES;
				CLANG_WARN_SUSPICIOUS_MOVE = YES;
				CLANG_WARN_UNGUARDED_AVAILABILITY = YES_AGGRESSIVE;
				CLANG_WARN_UNREACHABLE_CODE = YES;
				CLANG_WARN__DUPLICATE_METHOD_MATCH = YES;
				COPY_PHASE_STRIP = NO;
				DEBUG_INFORMATION_FORMAT = dwarf;
				ENABLE_STRICT_OBJC_MSGSEND = YES;
				ENABLE_TESTABILITY = YES;
				GCC_C_LANGUAGE_STANDARD = gnu11;
				GCC_DYNAMIC_NO_PIC = NO;
				GCC_NO_COMMON_BLOCKS = YES;
				GCC_OPTIMIZATION_LEVEL = 0;
				GCC_PREPROCESSOR_DEFINITIONS = (
					"DEBUG=1",
					"$(inherited)",
				);
				GCC_WARN_64_TO_32_BIT_CONVERSION = YES;
				GCC_WARN_ABOUT_RETURN_TYPE = YES_ERROR;
				GCC_WARN_UNDECLARED_SELECTOR = YES;
				GCC_WARN_UNINITIALIZED_AUTOS = YES_AGGRESSIVE;
				GCC_WARN_UNUSED_FUNCTION = YES;
				GCC_WARN_UNUSED_VARIABLE = YES;
				IPHONEOS_DEPLOYMENT_TARGET = 14.4;
				MTL_ENABLE_DEBUG_INFO = INCLUDE_SOURCE;
				MTL_FAST_MATH = YES;
				ONLY_ACTIVE_ARCH = YES;
				SDKROOT = iphoneos;
			};
			name = Debug;
		};
		A84398B525E1504C00A5A618 /* Release */ = {
			isa = XCBuildConfiguration;
			buildSettings = {
				ALWAYS_SEARCH_USER_PATHS = NO;
				CLANG_ANALYZER_NONNULL = YES;
				CLANG_ANALYZER_NUMBER_OBJECT_CONVERSION = YES_AGGRESSIVE;
				CLANG_CXX_LANGUAGE_STANDARD = "gnu++14";
				CLANG_CXX_LIBRARY = "libc++";
				CLANG_ENABLE_MODULES = YES;
				CLANG_ENABLE_OBJC_ARC = YES;
				CLANG_ENABLE_OBJC_WEAK = YES;
				CLANG_WARN_BLOCK_CAPTURE_AUTORELEASING = YES;
				CLANG_WARN_BOOL_CONVERSION = YES;
				CLANG_WARN_COMMA = YES;
				CLANG_WARN_CONSTANT_CONVERSION = YES;
				CLANG_WARN_DEPRECATED_OBJC_IMPLEMENTATIONS = YES;
				CLANG_WARN_DIRECT_OBJC_ISA_USAGE = YES_ERROR;
				CLANG_WARN_DOCUMENTATION_COMMENTS = YES;
				CLANG_WARN_EMPTY_BODY = YES;
				CLANG_WARN_ENUM_CONVERSION = YES;
				CLANG_WARN_INFINITE_RECURSION = YES;
				CLANG_WARN_INT_CONVERSION = YES;
				CLANG_WARN_NON_LITERAL_NULL_CONVERSION = YES;
				CLANG_WARN_OBJC_IMPLICIT_RETAIN_SELF = YES;
				CLANG_WARN_OBJC_LITERAL_CONVERSION = YES;
				CLANG_WARN_OBJC_ROOT_CLASS = YES_ERROR;
				CLANG_WARN_QUOTED_INCLUDE_IN_FRAMEWORK_HEADER = YES;
				CLANG_WARN_RANGE_LOOP_ANALYSIS = YES;
				CLANG_WARN_STRICT_PROTOTYPES = YES;
				CLANG_WARN_SUSPICIOUS_MOVE = YES;
				CLANG_WARN_UNGUARDED_AVAILABILITY = YES_AGGRESSIVE;
				CLANG_WARN_UNREACHABLE_CODE = YES;
				CLANG_WARN__DUPLICATE_METHOD_MATCH = YES;
				COPY_PHASE_STRIP = NO;
				DEBUG_INFORMATION_FORMAT = "dwarf-with-dsym";
				ENABLE_NS_ASSERTIONS = NO;
				ENABLE_STRICT_OBJC_MSGSEND = YES;
				GCC_C_LANGUAGE_STANDARD = gnu11;
				GCC_NO_COMMON_BLOCKS = YES;
				GCC_WARN_64_TO_32_BIT_CONVERSION = YES;
				GCC_WARN_ABOUT_RETURN_TYPE = YES_ERROR;
				GCC_WARN_UNDECLARED_SELECTOR = YES;
				GCC_WARN_UNINITIALIZED_AUTOS = YES_AGGRESSIVE;
				GCC_WARN_UNUSED_FUNCTION = YES;
				GCC_WARN_UNUSED_VARIABLE = YES;
				IPHONEOS_DEPLOYMENT_TARGET = 14.4;
				MTL_ENABLE_DEBUG_INFO = NO;
				MTL_FAST_MATH = YES;
				SDKROOT = iphoneos;
				VALIDATE_PRODUCT = YES;
			};
			name = Release;
		};
		A84398B725E1504C00A5A618 /* Debug */ = {
			isa = XCBuildConfiguration;
			buildSettings = {
				ASSETCATALOG_COMPILER_APPICON_NAME = AppIcon;
				ASSETCATALOG_COMPILER_GLOBAL_ACCENT_COLOR_NAME = AccentColor;
				CODE_SIGN_STYLE = Automatic;
				INFOPLIST_FILE = EmptyApplication/Info.plist;
				LD_RUNPATH_SEARCH_PATHS = (
					"$(inherited)",
					"@executable_path/Frameworks",
				);
				PRODUCT_BUNDLE_IDENTIFIER = "-23456.EmptyApplication";
				PRODUCT_NAME = "$(TARGET_NAME)";
				TARGETED_DEVICE_FAMILY = "1,2";
			};
			name = Debug;
		};
		A84398B825E1504C00A5A618 /* Release */ = {
			isa = XCBuildConfiguration;
			buildSettings = {
				ASSETCATALOG_COMPILER_APPICON_NAME = AppIcon;
				ASSETCATALOG_COMPILER_GLOBAL_ACCENT_COLOR_NAME = AccentColor;
				CODE_SIGN_STYLE = Automatic;
				INFOPLIST_FILE = EmptyApplication/Info.plist;
				LD_RUNPATH_SEARCH_PATHS = (
					"$(inherited)",
					"@executable_path/Frameworks",
				);
				PRODUCT_BUNDLE_IDENTIFIER = "-23456.EmptyApplication";
				PRODUCT_NAME = "$(TARGET_NAME)";
				TARGETED_DEVICE_FAMILY = "1,2";
			};
			name = Release;
		};
/* End XCBuildConfiguration section */

/* Begin XCConfigurationList section */
		A843989825E1504900A5A618 /* Build configuration list for PBXProject "EmptyApplication" */ = {
			isa = XCConfigurationList;
			buildConfigurations = (
				A84398B425E1504C00A5A618 /* Debug */,
				A84398B525E1504C00A5A618 /* Release */,
			);
			defaultConfigurationIsVisible = 0;
			defaultConfigurationName = Release;
		};
		A84398B625E1504C00A5A618 /* Build configuration list for PBXNativeTarget "EmptyApplication" */ = {
			isa = XCConfigurationList;
			buildConfigurations = (
				A84398B725E1504C00A5A618 /* Debug */,
				A84398B825E1504C00A5A618 /* Release */,
			);
			defaultConfigurationIsVisible = 0;
			defaultConfigurationName = Release;
		};
/* End XCConfigurationList section */
	};
	rootObject = A843989525E1504900A5A618 /* Project object */;
}
